
Microsoft Visual Studio Solution File, Format Version 12.00
Project("{FAE04EC0-301F-11D3-BF4B-00C04F79EFBC}") = "PdfToExcel", "PdfToExcel\PdfToExcel.csproj", "{C6D1E321-C0D4-46BE-B7B0-17943298BFC4}"
EndProject
Global
	GlobalSection(SolutionConfigurationPlatforms) = preSolution
		Debug|Any CPU = Debug|Any CPU
		Release|Any CPU = Release|Any CPU
	EndGlobalSection
	GlobalSection(ProjectConfigurationPlatforms) = postSolution
		{C6D1E321-C0D4-46BE-B7B0-17943298BFC4}.Debug|Any CPU.ActiveCfg = Debug|Any CPU
		{C6D1E321-C0D4-46BE-B7B0-17943298BFC4}.Debug|Any CPU.Build.0 = Debug|Any CPU
		{C6D1E321-C0D4-46BE-B7B0-17943298BFC4}.Release|Any CPU.ActiveCfg = Release|Any CPU
		{C6D1E321-C0D4-46BE-B7B0-17943298BFC4}.Release|Any CPU.Build.0 = Release|Any CPU
	EndGlobalSection
EndGlobal
